Microsoft Visual Studio Solution File, Format Version 8.00
Project("{FAE04EC0-301F-11D3-BF4B-00C04F79EFBC}") = "IEWindowCapture", "IEWindowCapture\IEWindowCapture.csproj", "{2C51C282-38D4-4D8D-A5E6-B4EE22635A9F}"
	ProjectSection(ProjectDependencies) = postProject
	EndProjectSection
EndProject
Global
	GlobalSection(SolutionConfiguration) = preSolution
		Debug = Debug
		Release = Release
	EndGlobalSection
	GlobalSection(ProjectDependencies) = postSolution
	EndGlobalSection
	GlobalSection(ProjectConfiguration) = postSolution
		{2C51C282-38D4-4D8D-A5E6-B4EE22635A9F}.Debug.ActiveCfg = Debug|.NET
		{2C51C282-38D4-4D8D-A5E6-B4EE22635A9F}.Debug.Build.0 = Debug|.NET
		{2C51C282-38D4-4D8D-A5E6-B4EE22635A9F}.Release.ActiveCfg = Release|.NET
		{2C51C282-38D4-4D8D-A5E6-B4EE22635A9F}.Release.Build.0 = Release|.NET
	EndGlobalSection
	GlobalSection(ExtensibilityGlobals) = postSolution
	EndGlobalSection
	GlobalSection(ExtensibilityAddIns) = postSolution
	EndGlobalSection
EndGlobal
